// !$*UTF8*$!
{
	archiveVersion = 1;
	classes = {
	};
	objectVersion = 48;
	objects = {

/* Begin PBXBuildFile section */
		8D27F2641FF8F90100E6F204 /* AppDelegate.swift in Sources */ = {isa = PBXBuildFile; fileRef = 8D27F2631FF8F90100E6F204 /* AppDelegate.swift */; };
		8D27F2691FF8F90100E6F204 /* Main.storyboard in Resources */ = {isa = PBXBuildFile; fileRef = 8D27F2671FF8F90100E6F204 /* Main.storyboard */; };
		8D27F26C1FF8F90100E6F204 /* do_it.xcdatamodeld in Sources */ = {isa = PBXBuildFile; fileRef = 8D27F26A1FF8F90100E6F204 /* do_it.xcdatamodeld */; };
		8D27F26E1FF8F90100E6F204 /* Assets.xcassets in Resources */ = {isa = PBXBuildFile; fileRef = 8D27F26D1FF8F90100E6F204 /* Assets.xcassets */; };
		8D27F2711FF8F90100E6F204 /* LaunchScreen.storyboard in Resources */ = {isa = PBXBuildFile; fileRef = 8D27F26F1FF8F90100E6F204 /* LaunchScreen.storyboard */; };
		8D27F27A1FF8F98900E6F204 /* MainScreenViewController.swift in Sources */ = {isa = PBXBuildFile; fileRef = 8D27F2791FF8F98900E6F204 /* MainScreenViewController.swift */; };
		8D27F27E1FF8FA0900E6F204 /* ColorPallete.swift in Sources */ = {isa = PBXBuildFile; fileRef = 8D27F27D1FF8FA0900E6F204 /* ColorPallete.swift */; };
		8D27F2801FF8FA8600E6F204 /* Extensions.swift in Sources */ = {isa = PBXBuildFile; fileRef = 8D27F27F1FF8FA8600E6F204 /* Extensions.swift */; };
		8D27F2911FF932AB00E6F204 /* Task+CoreDataClass.swift in Sources */ = {isa = PBXBuildFile; fileRef = 8D27F28F1FF932AB00E6F204 /* Task+CoreDataClass.swift */; };
		8D27F2921FF932AB00E6F204 /* Task+CoreDataProperties.swift in Sources */ = {isa = PBXBuildFile; fileRef = 8D27F2901FF932AB00E6F204 /* Task+CoreDataProperties.swift */; };
		8D27F2941FF93AA900E6F204 /* Constants.swift in Sources */ = {isa = PBXBuildFile; fileRef = 8D27F2931FF93AA900E6F204 /* Constants.swift */; };
		8D27F2961FF93D3000E6F204 /* TaskTableViewCell.swift in Sources */ = {isa = PBXBuildFile; fileRef = 8D27F2951FF93D3000E6F204 /* TaskTableViewCell.swift */; };
		8D27F2991FF94EA200E6F204 /* AddTaskViewController.swift in Sources */ = {isa = PBXBuildFile; fileRef = 8D27F2981FF94EA200E6F204 /* AddTaskViewController.swift */; };
/* End PBXBuildFile section */

/* Begin PBXFileReference section */
		8D27F2601FF8F90100E6F204 /* do-it.app */ = {isa = PBXFileReference; explicitFileType = wrapper.application; includeInIndex = 0; path = "do-it.app"; sourceTree = BUILT_PRODUCTS_DIR; };
		8D27F2631FF8F90100E6F204 /* AppDelegate.swift */ = {isa = PBXFileReference; lastKnownFileType = sourcecode.swift; path = AppDelegate.swift; sourceTree = "<group>"; };
		8D27F2681FF8F90100E6F204 /* Base */ = {isa = PBXFileReference; lastKnownFileType = file.storyboard; name = Base; path = Base.lproj/Main.storyboard; sourceTree = "<group>"; };
		8D27F26B1FF8F90100E6F204 /* do_it.xcdatamodel */ = {isa = PBXFileReference; lastKnownFileType = wrapper.xcdatamodel; path = do_it.xcdatamodel; sourceTree = "<group>"; };
		8D27F26D1FF8F90100E6F204 /* Assets.xcassets */ = {isa = PBXFileReference; lastKnownFileType = folder.assetcatalog; path = Assets.xcassets; sourceTree = "<group>"; };
		8D27F2701FF8F90100E6F204 /* Base */ = {isa = PBXFileReference; lastKnownFileType = file.storyboard; name = Base; path = Base.lproj/LaunchScreen.storyboard; sourceTree = "<group>"; };
		8D27F2721FF8F90100E6F204 /* Info.plist */ = {isa = PBXFileReference; lastKnownFileType = text.plist.xml; path = Info.plist; sourceTree = "<group>"; };
		8D27F2791FF8F98900E6F204 /* MainScreenViewController.swift */ = {isa = PBXFileReference; lastKnownFileType = sourcecode.swift; path = MainScreenViewController.swift; sourceTree = "<group>"; };
		8D27F27D1FF8FA0900E6F204 /* ColorPallete.swift */ = {isa = PBXFileReference; lastKnownFileType = sourcecode.swift; path = ColorPallete.swift; sourceTree = "<group>"; };
		8D27F27F1FF8FA8600E6F204 /* Extensions.swift */ = {isa = PBXFileReference; lastKnownFileType = sourcecode.swift; path = Extensions.swift; sourceTree = "<group>"; };
		8D27F28F1FF932AB00E6F204 /* Task+CoreDataClass.swift */ = {isa = PBXFileReference; lastKnownFileType = sourcecode.swift; path = "Task+CoreDataClass.swift"; sourceTree = "<group>"; };
		8D27F2901FF932AB00E6F204 /* Task+CoreDataProperties.swift */ = {isa = PBXFileReference; lastKnownFileType = sourcecode.swift; path = "Task+CoreDataProperties.swift"; sourceTree = "<group>"; };
		8D27F2931FF93AA900E6F204 /* Constants.swift */ = {isa = PBXFileReference; lastKnownFileType = sourcecode.swift; path = Constants.swift; sourceTree = "<group>"; };
		8D27F2951FF93D3000E6F204 /* TaskTableViewCell.swift */ = {isa = PBXFileReference; lastKnownFileType = sourcecode.swift; path = TaskTableViewCell.swift; sourceTree = "<group>"; };
		8D27F2981FF94EA200E6F204 /* AddTaskViewController.swift */ = {isa = PBXFileReference; lastKnownFileType = sourcecode.swift; path = AddTaskViewController.swift; sourceTree = "<group>"; };
/* End PBXFileReference section */

/* Begin PBXFrameworksBuildPhase section */
		8D27F25D1FF8F90100E6F204 /* Frameworks */ = {
			isa = PBXFrameworksBuildPhase;
			buildActionMask = 2147483647;
			files = (
			);
			runOnlyForDeploymentPostprocessing = 0;
		};
/* End PBXFrameworksBuildPhase section */

/* Begin PBXGroup section */
		8D27F2571FF8F90100E6F204 = {
			isa = PBXGroup;
			children = (
				8D27F2621FF8F90100E6F204 /* do-it */,
				8D27F2611FF8F90100E6F204 /* Products */,
			);
			sourceTree = "<group>";
		};
		8D27F2611FF8F90100E6F204 /* Products */ = {
			isa = PBXGroup;
			children = (
				8D27F2601FF8F90100E6F204 /* do-it.app */,
			);
			name = Products;
			sourceTree = "<group>";
		};
		8D27F2621FF8F90100E6F204 /* do-it */ = {
			isa = PBXGroup;
			children = (
				8D27F2721FF8F90100E6F204 /* Info.plist */,
				8D27F2631FF8F90100E6F204 /* AppDelegate.swift */,
				8D27F2971FF93D3F00E6F204 /* UI */,
				8D27F27B1FF8F99100E6F204 /* ViewControllers */,
				8D27F27C1FF8F9F000E6F204 /* Utilities */,
				8D27F2831FF9075500E6F204 /* CoreData */,
				8D27F2781FF8F97000E6F204 /* SupportingFiles */,
			);
			path = "do-it";
			sourceTree = "<group>";
		};
		8D27F2781FF8F97000E6F204 /* SupportingFiles */ = {
			isa = PBXGroup;
			children = (
				8D27F2671FF8F90100E6F204 /* Main.storyboard */,
				8D27F26D1FF8F90100E6F204 /* Assets.xcassets */,
				8D27F26F1FF8F90100E6F204 /* LaunchScreen.storyboard */,
			);
			path = SupportingFiles;
			sourceTree = "<group>";
		};
		8D27F27B1FF8F99100E6F204 /* ViewControllers */ = {
			isa = PBXGroup;
			children = (
				8D27F2791FF8F98900E6F204 /* MainScreenViewController.swift */,
				8D27F2981FF94EA200E6F204 /* AddTaskViewController.swift */,
			);
			path = ViewControllers;
			sourceTree = "<group>";
		};
		8D27F27C1FF8F9F000E6F204 /* Utilities */ = {
			isa = PBXGroup;
			children = (
				8D27F27D1FF8FA0900E6F204 /* ColorPallete.swift */,
				8D27F27F1FF8FA8600E6F204 /* Extensions.swift */,
				8D27F2931FF93AA900E6F204 /* Constants.swift */,
			);
			path = Utilities;
			sourceTree = "<group>";
		};
		8D27F2831FF9075500E6F204 /* CoreData */ = {
			isa = PBXGroup;
			children = (
				8D27F28F1FF932AB00E6F204 /* Task+CoreDataClass.swift */,
				8D27F2901FF932AB00E6F204 /* Task+CoreDataProperties.swift */,
				8D27F26A1FF8F90100E6F204 /* do_it.xcdatamodeld */,
			);
			path = CoreData;
			sourceTree = "<group>";
		};
		8D27F2971FF93D3F00E6F204 /* UI */ = {
			isa = PBXGroup;
			children = (
				8D27F2951FF93D3000E6F204 /* TaskTableViewCell.swift */,
			);
			path = UI;
			sourceTree = "<group>";
		};
/* End PBXGroup section */

/* Begin PBXNativeTarget section */
		8D27F25F1FF8F90100E6F204 /* do-it */ = {
			isa = PBXNativeTarget;
			buildConfigurationList = 8D27F2751FF8F90100E6F204 /* Build configuration list for PBXNativeTarget "do-it" */;
			buildPhases = (
				8D27F25C1FF8F90100E6F204 /* Sources */,
				8D27F25D1FF8F90100E6F204 /* Frameworks */,
				8D27F25E1FF8F90100E6F204 /* Resources */,
			);
			buildRules = (
			);
			dependencies = (
			);
			name = "do-it";
			productName = "do-it";
			productReference = 8D27F2601FF8F90100E6F204 /* do-it.app */;
			productType = "com.apple.product-type.application";
		};
/* End PBXNativeTarget section */

/* Begin PBXProject section */
		8D27F2581FF8F90100E6F204 /* Project object */ = {
			isa = PBXProject;
			attributes = {
				LastSwiftUpdateCheck = 0910;
				LastUpgradeCheck = 0910;
				ORGANIZATIONNAME = dido;
				TargetAttributes = {
					8D27F25F1FF8F90100E6F204 = {
						CreatedOnToolsVersion = 9.1;
						ProvisioningStyle = Automatic;
					};
				};
			};
			buildConfigurationList = 8D27F25B1FF8F90100E6F204 /* Build configuration list for PBXProject "do-it" */;
			compatibilityVersion = "Xcode 8.0";
			developmentRegion = en;
			hasScannedForEncodings = 0;
			knownRegions = (
				en,
				Base,
			);
			mainGroup = 8D27F2571FF8F90100E6F204;
			productRefGroup = 8D27F2611FF8F90100E6F204 /* Products */;
			projectDirPath = "";
			projectRoot = "";
			targets = (
				8D27F25F1FF8F90100E6F204 /* do-it */,
			);
		};
/* End PBXProject section */

/* Begin PBXResourcesBuildPhase section */
		8D27F25E1FF8F90100E6F204 /* Resources */ = {
			isa = PBXResourcesBuildPhase;
			buildActionMask = 2147483647;
			files = (
				8D27F2711FF8F90100E6F204 /* LaunchScreen.storyboard in Resources */,
				8D27F26E1FF8F90100E6F204 /* Assets.xcassets in Resources */,
				8D27F2691FF8F90100E6F204 /* Main.storyboard in Resources */,
			);
			runOnlyForDeploymentPostprocessing = 0;
		};
/* End PBXResourcesBuildPhase section */

/* Begin PBXSourcesBuildPhase section */
		8D27F25C1FF8F90100E6F204 /* Sources */ = {
			isa = PBXSourcesBuildPhase;
			buildActionMask = 2147483647;
			files = (
				8D27F2801FF8FA8600E6F204 /* Extensions.swift in Sources */,
				8D27F26C1FF8F90100E6F204 /* do_it.xcdatamodeld in Sources */,
				8D27F2961FF93D3000E6F204 /* TaskTableViewCell.swift in Sources */,
				8D27F2641FF8F90100E6F204 /* AppDelegate.swift in Sources */,
				8D27F27A1FF8F98900E6F204 /* MainScreenViewController.swift in Sources */,
				8D27F2921FF932AB00E6F204 /* Task+CoreDataProperties.swift in Sources */,
				8D27F2911FF932AB00E6F204 /* Task+CoreDataClass.swift in Sources */,
				8D27F27E1FF8FA0900E6F204 /* ColorPallete.swift in Sources */,
				8D27F2941FF93AA900E6F204 /* Constants.swift in Sources */,
				8D27F2991FF94EA200E6F204 /* AddTaskViewController.swift in Sources */,
			);
			runOnlyForDeploymentPostprocessing = 0;
		};
/* End PBXSourcesBuildPhase section */

/* Begin PBXVariantGroup section */
		8D27F2671FF8F90100E6F204 /* Main.storyboard */ = {
			isa = PBXVariantGroup;
			children = (
				8D27F2681FF8F90100E6F204 /* Base */,
			);
			name = Main.storyboard;
			sourceTree = "<group>";
		};
		8D27F26F1FF8F90100E6F204 /* LaunchScreen.storyboard */ = {
			isa = PBXVariantGroup;
			children = (
				8D27F2701FF8F90100E6F204 /* Base */,
			);
			name = LaunchScreen.storyboard;
			sourceTree = "<group>";
		};
/* End PBXVariantGroup section */

/* Begin XCBuildConfiguration section */
		8D27F2731FF8F90100E6F204 /* Debug */ = {
			isa = XCBuildConfiguration;
			buildSettings = {
				ALWAYS_SEARCH_USER_PATHS = NO;
				CLANG_ANALYZER_NONNULL = YES;
				CLANG_ANALYZER_NUMBER_OBJECT_CONVERSION = YES_AGGRESSIVE;
				CLANG_CXX_LANGUAGE_STANDARD = "gnu++14";
				CLANG_CXX_LIBRARY = "libc++";
				CLANG_ENABLE_MODULES = YES;
				CLANG_ENABLE_OBJC_ARC = YES;
				CLANG_WARN_BLOCK_CAPTURE_AUTORELEASING = YES;
				CLANG_WARN_BOOL_CONVERSION = YES;
				CLANG_WARN_COMMA = YES;
				CLANG_WARN_CONSTANT_CONVERSION = YES;
				CLANG_WARN_DIRECT_OBJC_ISA_USAGE = YES_ERROR;
				CLANG_WARN_DOCUMENTATION_COMMENTS = YES;
				CLANG_WARN_EMPTY_BODY = YES;
				CLANG_WARN_ENUM_CONVERSION = YES;
				CLANG_WARN_INFINITE_RECURSION = YES;
				CLANG_WARN_INT_CONVERSION = YES;
				CLANG_WARN_NON_LITERAL_NULL_CONVERSION = YES;
				CLANG_WARN_OBJC_LITERAL_CONVERSION = YES;
				CLANG_WARN_OBJC_ROOT_CLASS = YES_ERROR;
				CLANG_WARN_RANGE_LOOP_ANALYSIS = YES;
				CLANG_WARN_STRICT_PROTOTYPES = YES;
				CLANG_WARN_SUSPICIOUS_MOVE = YES;
				CLANG_WARN_UNGUARDED_AVAILABILITY = YES_AGGRESSIVE;
				CLANG_WARN_UNREACHABLE_CODE = YES;
				CLANG_WARN__DUPLICATE_METHOD_MATCH = YES;
				CODE_SIGN_IDENTITY = "iPhone Developer";
				COPY_PHASE_STRIP = NO;
				DEBUG_INFORMATION_FORMAT = dwarf;
				ENABLE_STRICT_OBJC_MSGSEND = YES;
				ENABLE_TESTABILITY = YES;
				GCC_C_LANGUAGE_STANDARD = gnu11;
				GCC_DYNAMIC_NO_PIC = NO;
				GCC_NO_COMMON_BLOCKS = YES;
				GCC_OPTIMIZATION_LEVEL = 0;
				GCC_PREPROCESSOR_DEFINITIONS = (
					"DEBUG=1",
					"$(inherited)",
				);
				GCC_WARN_64_TO_32_BIT_CONVERSION = YES;
				GCC_WARN_ABOUT_RETURN_TYPE = YES_ERROR;
				GCC_WARN_UNDECLARED_SELECTOR = YES;
				GCC_WARN_UNINITIALIZED_AUTOS = YES_AGGRESSIVE;
				GCC_WARN_UNUSED_FUNCTION = YES;
				GCC_WARN_UNUSED_VARIABLE = YES;
				IPHONEOS_DEPLOYMENT_TARGET = 11.1;
				MTL_ENABLE_DEBUG_INFO = YES;
				ONLY_ACTIVE_ARCH = YES;
				SDKROOT = iphoneos;
				SWIFT_ACTIVE_COMPILATION_CONDITIONS = DEBUG;
				SWIFT_OPTIMIZATION_LEVEL = "-Onone";
			};
			name = Debug;
		};
		8D27F2741FF8F90100E6F204 /* Release */ = {
			isa = XCBuildConfiguration;
			buildSettings = {
				ALWAYS_SEARCH_USER_PATHS = NO;
				CLANG_ANALYZER_NONNULL = YES;
				CLANG_ANALYZER_NUMBER_OBJECT_CONVERSION = YES_AGGRESSIVE;
				CLANG_CXX_LANGUAGE_STANDARD = "gnu++14";
				CLANG_CXX_LIBRARY = "libc++";
				CLANG_ENABLE_MODULES = YES;
				CLANG_ENABLE_OBJC_ARC = YES;
				CLANG_WARN_BLOCK_CAPTURE_AUTORELEASING = YES;
				CLANG_WARN_BOOL_CONVERSION = YES;
				CLANG_WARN_COMMA = YES;
				CLANG_WARN_CONSTANT_CONVERSION = YES;
				CLANG_WARN_DIRECT_OBJC_ISA_USAGE = YES_ERROR;
				CLANG_WARN_DOCUMENTATION_COMMENTS = YES;
				CLANG_WARN_EMPTY_BODY = YES;
				CLANG_WARN_ENUM_CONVERSION = YES;
				CLANG_WARN_INFINITE_RECURSION = YES;
				CLANG_WARN_INT_CONVERSION = YES;
				CLANG_WARN_NON_LITERAL_NULL_CONVERSION = YES;
				CLANG_WARN_OBJC_LITERAL_CONVERSION = YES;
				CLANG_WARN_OBJC_ROOT_CLASS = YES_ERROR;
				CLANG_WARN_RANGE_LOOP_ANALYSIS = YES;
				CLANG_WARN_STRICT_PROTOTYPES = YES;
				CLANG_WARN_SUSPICIOUS_MOVE = YES;
				CLANG_WARN_UNGUARDED_AVAILABILITY = YES_AGGRESSIVE;
				CLANG_WARN_UNREACHABLE_CODE = YES;
				CLANG_WARN__DUPLICATE_METHOD_MATCH = YES;
				CODE_SIGN_IDENTITY = "iPhone Developer";
				COPY_PHASE_STRIP = NO;
				DEBUG_INFORMATION_FORMAT = "dwarf-with-dsym";
				ENABLE_NS_ASSERTIONS = NO;
				ENABLE_STRICT_OBJC_MSGSEND = YES;
				GCC_C_LANGUAGE_STANDARD = gnu11;
				GCC_NO_COMMON_BLOCKS = YES;
				GCC_WARN_64_TO_32_BIT_CONVERSION = YES;
				GCC_WARN_ABOUT_RETURN_TYPE = YES_ERROR;
				GCC_WARN_UNDECLARED_SELECTOR = YES;
				GCC_WARN_UNINITIALIZED_AUTOS = YES_AGGRESSIVE;
				GCC_WARN_UNUSED_FUNCTION = YES;
				GCC_WARN_UNUSED_VARIABLE = YES;
				IPHONEOS_DEPLOYMENT_TARGET = 11.1;
				MTL_ENABLE_DEBUG_INFO = NO;
				SDKROOT = iphoneos;
				SWIFT_OPTIMIZATION_LEVEL = "-Owholemodule";
				VALIDATE_PRODUCT = YES;
			};
			name = Release;
		};
		8D27F2761FF8F90100E6F204 /* Debug */ = {
			isa = XCBuildConfiguration;
			buildSettings = {
				ASSETCATALOG_COMPILER_APPICON_NAME = AppIcon;
				ASSETCATALOG_COMPILER_LAUNCHIMAGE_NAME = LaunchImage;
				CODE_SIGN_STYLE = Automatic;
				DEVELOPMENT_TEAM = 29659WGHS2;
				INFOPLIST_FILE = "do-it/Info.plist";
				LD_RUNPATH_SEARCH_PATHS = "$(inherited) @executable_path/Frameworks";
				PRODUCT_BUNDLE_IDENTIFIER = "com.dido.do-it";
				PRODUCT_NAME = "$(TARGET_NAME)";
				SWIFT_VERSION = 4.0;
				TARGETED_DEVICE_FAMILY = "1,2";
			};
			name = Debug;
		};
		8D27F2771FF8F90100E6F204 /* Release */ = {
			isa = XCBuildConfiguration;
			buildSettings = {
				ASSETCATALOG_COMPILER_APPICON_NAME = AppIcon;
				ASSETCATALOG_COMPILER_LAUNCHIMAGE_NAME = LaunchImage;
				CODE_SIGN_STYLE = Automatic;
				DEVELOPMENT_TEAM = 29659WGHS2;
				INFOPLIST_FILE = "do-it/Info.plist";
				LD_RUNPATH_SEARCH_PATHS = "$(inherited) @executable_path/Frameworks";
				PRODUCT_BUNDLE_IDENTIFIER = "com.dido.do-it";
				PRODUCT_NAME = "$(TARGET_NAME)";
				SWIFT_VERSION = 4.0;
				TARGETED_DEVICE_FAMILY = "1,2";
			};
			name = Release;
		};
/* End XCBuildConfiguration section */

/* Begin XCConfigurationList section */
		8D27F25B1FF8F90100E6F204 /* Build configuration list for PBXProject "do-it" */ = {
			isa = XCConfigurationList;
			buildConfigurations = (
				8D27F2731FF8F90100E6F204 /* Debug */,
				8D27F2741FF8F90100E6F204 /* Release */,
			);
			defaultConfigurationIsVisible = 0;
			defaultConfigurationName = Release;
		};
		8D27F2751FF8F90100E6F204 /* Build configuration list for PBXNativeTarget "do-it" */ = {
			isa = XCConfigurationList;
			buildConfigurations = (
				8D27F2761FF8F90100E6F204 /* Debug */,
				8D27F2771FF8F90100E6F204 /* Release */,
			);
			defaultConfigurationIsVisible = 0;
			defaultConfigurationName = Release;
		};
/* End XCConfigurationList section */

/* Begin XCVersionGroup section */
		8D27F26A1FF8F90100E6F204 /* do_it.xcdatamodeld */ = {
			isa = XCVersionGroup;
			children = (
				8D27F26B1FF8F90100E6F204 /* do_it.xcdatamodel */,
			);
			currentVersion = 8D27F26B1FF8F90100E6F204 /* do_it.xcdatamodel */;
			path = do_it.xcdatamodeld;
			sourceTree = "<group>";
			versionGroupType = wrapper.xcdatamodel;
		};
/* End XCVersionGroup section */
	};
	rootObject = 8D27F2581FF8F90100E6F204 /* Project object */;
}
